// !$*UTF8*$!
{
	archiveVersion = 1;
	classes = {
	};
	objectVersion = 48;
	objects = {

/* Begin PBXBuildFile section */
		5554D8CF2032C27B00C96FF2 /* libglfw.3.2.dylib in Frameworks */ = {isa = PBXBuildFile; fileRef = 5587191C2031536400392514 /* libglfw.3.2.dylib */; };
		5554D8D42032C3B400C96FF2 /* bear.obj in Copy Files */ = {isa = PBXBuildFile; fileRef = 5554D8D12032C3B300C96FF2 /* bear.obj */; };
		557CB9EC203673DF00FB9CED /* nshader.vert in Copy Files */ = {isa = PBXBuildFile; fileRef = 557CB9EA203673D800FB9CED /* nshader.vert */; };
		557CB9ED203673E500FB9CED /* nshader.frag in Copy Files */ = {isa = PBXBuildFile; fileRef = 557CB9EB203673D800FB9CED /* nshader.frag */; };
		557CB9F0203679A100FB9CED /* cone.obj in Copy Files */ = {isa = PBXBuildFile; fileRef = 557CB9EE203679A100FB9CED /* cone.obj */; };
		557CB9F1203679A100FB9CED /* sphere.obj in Copy Files */ = {isa = PBXBuildFile; fileRef = 557CB9EF203679A100FB9CED /* sphere.obj */; };
		557CB9F82036FFE100FB9CED /* lightshader.frag in Copy Files */ = {isa = PBXBuildFile; fileRef = 557CB9F62036FFCB00FB9CED /* lightshader.frag */; };
		557CB9F92036FFE100FB9CED /* lightshader.vert in Copy Files */ = {isa = PBXBuildFile; fileRef = 557CB9F72036FFCB00FB9CED /* lightshader.vert */; };
		558719162031529600392514 /* Cube.cpp in Sources */ = {isa = PBXBuildFile; fileRef = 5587190D2031529600392514 /* Cube.cpp */; };
		558719172031529600392514 /* Window.cpp in Sources */ = {isa = PBXBuildFile; fileRef = 5587190E2031529600392514 /* Window.cpp */; };
		558719182031529600392514 /* shader.cpp in Sources */ = {isa = PBXBuildFile; fileRef = 558719152031529600392514 /* shader.cpp */; };
		5587191B2031534300392514 /* OpenGL.framework in Frameworks */ = {isa = PBXBuildFile; fileRef = 5587191A2031534300392514 /* OpenGL.framework */; };
		558719202031624200392514 /* shader.vert in Copy Files */ = {isa = PBXBuildFile; fileRef = 5587190F2031529600392514 /* shader.vert */; };
		558719212031624B00392514 /* shader.frag in Copy Files */ = {isa = PBXBuildFile; fileRef = 558719102031529600392514 /* shader.frag */; };
		558719342032754E00392514 /* OBJObject.cpp in Sources */ = {isa = PBXBuildFile; fileRef = 558719332032754E00392514 /* OBJObject.cpp */; };
		55D15BE7203150BA00D067A5 /* main.cpp in Sources */ = {isa = PBXBuildFile; fileRef = 55D15BE6203150BA00D067A5 /* main.cpp */; };
/* End PBXBuildFile section */

/* Begin PBXCopyFilesBuildPhase section */
		55D15BE1203150BA00D067A5 /* Copy Files */ = {
			isa = PBXCopyFilesBuildPhase;
			buildActionMask = 12;
			dstPath = "";
			dstSubfolderSpec = 16;
			files = (
				557CB9F82036FFE100FB9CED /* lightshader.frag in Copy Files */,
				557CB9F92036FFE100FB9CED /* lightshader.vert in Copy Files */,
				557CB9F0203679A100FB9CED /* cone.obj in Copy Files */,
				557CB9F1203679A100FB9CED /* sphere.obj in Copy Files */,
				557CB9ED203673E500FB9CED /* nshader.frag in Copy Files */,
				557CB9EC203673DF00FB9CED /* nshader.vert in Copy Files */,
				5554D8D42032C3B400C96FF2 /* bear.obj in Copy Files */,
				558719212031624B00392514 /* shader.frag in Copy Files */,
				558719202031624200392514 /* shader.vert in Copy Files */,
			);
			name = "Copy Files";
			runOnlyForDeploymentPostprocessing = 0;
		};
/* End PBXCopyFilesBuildPhase section */

/* Begin PBXFileReference section */
		5554D8D12032C3B300C96FF2 /* bear.obj */ = {isa = PBXFileReference; lastKnownFileType = text; name = bear.obj; path = "CSE167 Modern OpenGL/bear.obj"; sourceTree = "<group>"; };
		557CB9EA203673D800FB9CED /* nshader.vert */ = {isa = PBXFileReference; fileEncoding = 4; lastKnownFileType = sourcecode.glsl; path = nshader.vert; sourceTree = "<group>"; };
		557CB9EB203673D800FB9CED /* nshader.frag */ = {isa = PBXFileReference; fileEncoding = 4; lastKnownFileType = sourcecode.glsl; path = nshader.frag; sourceTree = "<group>"; };
		557CB9EE203679A100FB9CED /* cone.obj */ = {isa = PBXFileReference; lastKnownFileType = text; name = cone.obj; path = "CSE167 Modern OpenGL/cone.obj"; sourceTree = "<group>"; };
		557CB9EF203679A100FB9CED /* sphere.obj */ = {isa = PBXFileReference; lastKnownFileType = text; name = sphere.obj; path = "CSE167 Modern OpenGL/sphere.obj"; sourceTree = "<group>"; };
		557CB9F62036FFCB00FB9CED /* lightshader.frag */ = {isa = PBXFileReference; fileEncoding = 4; lastKnownFileType = sourcecode.glsl; path = lightshader.frag; sourceTree = "<group>"; };
		557CB9F72036FFCB00FB9CED /* lightshader.vert */ = {isa = PBXFileReference; fileEncoding = 4; lastKnownFileType = sourcecode.glsl; path = lightshader.vert; sourceTree = "<group>"; };
		5587190D2031529600392514 /* Cube.cpp */ = {isa = PBXFileReference; fileEncoding = 4; lastKnownFileType = sourcecode.cpp.cpp; path = Cube.cpp; sourceTree = "<group>"; };
		5587190E2031529600392514 /* Window.cpp */ = {isa = PBXFileReference; fileEncoding = 4; lastKnownFileType = sourcecode.cpp.cpp; path = Window.cpp; sourceTree = "<group>"; };
		5587190F2031529600392514 /* shader.vert */ = {isa = PBXFileReference; fileEncoding = 4; lastKnownFileType = sourcecode.glsl; path = shader.vert; sourceTree = "<group>"; };
		558719102031529600392514 /* shader.frag */ = {isa = PBXFileReference; fileEncoding = 4; lastKnownFileType = sourcecode.glsl; path = shader.frag; sourceTree = "<group>"; };
		558719112031529600392514 /* main.h */ = {isa = PBXFileReference; fileEncoding = 4; lastKnownFileType = sourcecode.c.h; path = main.h; sourceTree = "<group>"; };
		558719122031529600392514 /* shader.h */ = {isa = PBXFileReference; fileEncoding = 4; lastKnownFileType = sourcecode.c.h; path = shader.h; sourceTree = "<group>"; };
		558719132031529600392514 /* Cube.h */ = {isa = PBXFileReference; fileEncoding = 4; lastKnownFileType = sourcecode.c.h; path = Cube.h; sourceTree = "<group>"; };
		558719142031529600392514 /* Window.h */ = {isa = PBXFileReference; fileEncoding = 4; lastKnownFileType = sourcecode.c.h; path = Window.h; sourceTree = "<group>"; };
		558719152031529600392514 /* shader.cpp */ = {isa = PBXFileReference; fileEncoding = 4; lastKnownFileType = sourcecode.cpp.cpp; path = shader.cpp; sourceTree = "<group>"; };
		5587191A2031534300392514 /* OpenGL.framework */ = {isa = PBXFileReference; lastKnownFileType = wrapper.framework; name = OpenGL.framework; path = System/Library/Frameworks/OpenGL.framework; sourceTree = SDKROOT; };
		5587191C2031536400392514 /* libglfw.3.2.dylib */ = {isa = PBXFileReference; lastKnownFileType = "compiled.mach-o.dylib"; name = libglfw.3.2.dylib; path = "../../../../Developer/glfw-3.2.1/src/libglfw.3.2.dylib"; sourceTree = "<group>"; };
		558719332032754E00392514 /* OBJObject.cpp */ = {isa = PBXFileReference; lastKnownFileType = sourcecode.cpp.cpp; path = OBJObject.cpp; sourceTree = "<group>"; };
		558719352032758800392514 /* OBJObject.h */ = {isa = PBXFileReference; lastKnownFileType = sourcecode.c.h; path = OBJObject.h; sourceTree = "<group>"; };
		55871945203279B600392514 /* dragon.obj */ = {isa = PBXFileReference; lastKnownFileType = text; name = dragon.obj; path = "CSE167 Modern OpenGL/dragon.obj"; sourceTree = "<group>"; };
		55871947203279B700392514 /* bunny.obj */ = {isa = PBXFileReference; lastKnownFileType = text; name = bunny.obj; path = "CSE167 Modern OpenGL/bunny.obj"; sourceTree = "<group>"; };
		55D15BE3203150BA00D067A5 /* CSE167 Modern OpenGL */ = {isa = PBXFileReference; explicitFileType = "compiled.mach-o.executable"; includeInIndex = 0; path = "CSE167 Modern OpenGL"; sourceTree = BUILT_PRODUCTS_DIR; };
		55D15BE6203150BA00D067A5 /* main.cpp */ = {isa = PBXFileReference; lastKnownFileType = sourcecode.cpp.cpp; path = main.cpp; sourceTree = "<group>"; };
/* End PBXFileReference section */

/* Begin PBXFrameworksBuildPhase section */
		55D15BE0203150BA00D067A5 /* Frameworks */ = {
			isa = PBXFrameworksBuildPhase;
			buildActionMask = 2147483647;
			files = (
				5554D8CF2032C27B00C96FF2 /* libglfw.3.2.dylib in Frameworks */,
				5587191B2031534300392514 /* OpenGL.framework in Frameworks */,
			);
			runOnlyForDeploymentPostprocessing = 0;
		};
/* End PBXFrameworksBuildPhase section */

/* Begin PBXGroup section */
		558719192031534200392514 /* Frameworks */ = {
			isa = PBXGroup;
			children = (
				5587191C2031536400392514 /* libglfw.3.2.dylib */,
				5587191A2031534300392514 /* OpenGL.framework */,
			);
			name = Frameworks;
			sourceTree = "<group>";
		};
		55D15BDA203150BA00D067A5 = {
			isa = PBXGroup;
			children = (
				557CB9EE203679A100FB9CED /* cone.obj */,
				557CB9EF203679A100FB9CED /* sphere.obj */,
				55871947203279B700392514 /* bunny.obj */,
				5554D8D12032C3B300C96FF2 /* bear.obj */,
				55871945203279B600392514 /* dragon.obj */,
				55D15BE5203150BA00D067A5 /* CSE167 Modern OpenGL */,
				55D15BE4203150BA00D067A5 /* Products */,
				558719192031534200392514 /* Frameworks */,
			);
			sourceTree = "<group>";
		};
		55D15BE4203150BA00D067A5 /* Products */ = {
			isa = PBXGroup;
			children = (
				55D15BE3203150BA00D067A5 /* CSE167 Modern OpenGL */,
			);
			name = Products;
			sourceTree = "<group>";
		};
		55D15BE5203150BA00D067A5 /* CSE167 Modern OpenGL */ = {
			isa = PBXGroup;
			children = (
				558719132031529600392514 /* Cube.h */,
				5587190D2031529600392514 /* Cube.cpp */,
				558719332032754E00392514 /* OBJObject.cpp */,
				558719352032758800392514 /* OBJObject.h */,
				557CB9F62036FFCB00FB9CED /* lightshader.frag */,
				557CB9F72036FFCB00FB9CED /* lightshader.vert */,
				557CB9EB203673D800FB9CED /* nshader.frag */,
				557CB9EA203673D800FB9CED /* nshader.vert */,
				558719102031529600392514 /* shader.frag */,
				5587190F2031529600392514 /* shader.vert */,
				558719152031529600392514 /* shader.cpp */,
				558719122031529600392514 /* shader.h */,
				5587190E2031529600392514 /* Window.cpp */,
				558719142031529600392514 /* Window.h */,
				55D15BE6203150BA00D067A5 /* main.cpp */,
				558719112031529600392514 /* main.h */,
			);
			path = "CSE167 Modern OpenGL";
			sourceTree = "<group>";
		};
/* End PBXGroup section */

/* Begin PBXNativeTarget section */
		55D15BE2203150BA00D067A5 /* CSE167 Modern OpenGL */ = {
			isa = PBXNativeTarget;
			buildConfigurationList = 55D15BEA203150BA00D067A5 /* Build configuration list for PBXNativeTarget "CSE167 Modern OpenGL" */;
			buildPhases = (
				55D15BDF203150BA00D067A5 /* Sources */,
				55D15BE0203150BA00D067A5 /* Frameworks */,
				55D15BE1203150BA00D067A5 /* Copy Files */,
			);
			buildRules = (
			);
			dependencies = (
			);
			name = "CSE167 Modern OpenGL";
			productName = "CSE167 Modern OpenGL";
			productReference = 55D15BE3203150BA00D067A5 /* CSE167 Modern OpenGL */;
			productType = "com.apple.product-type.tool";
		};
/* End PBXNativeTarget section */

/* Begin PBXProject section */
		55D15BDB203150BA00D067A5 /* Project object */ = {
			isa = PBXProject;
			attributes = {
				LastUpgradeCheck = 0920;
				ORGANIZATIONNAME = "Eliott Ham";
				TargetAttributes = {
					55D15BE2203150BA00D067A5 = {
						CreatedOnToolsVersion = 9.2;
						ProvisioningStyle = Automatic;
					};
				};
			};
			buildConfigurationList = 55D15BDE203150BA00D067A5 /* Build configuration list for PBXProject "CSE167 Modern OpenGL" */;
			compatibilityVersion = "Xcode 8.0";
			developmentRegion = en;
			hasScannedForEncodings = 0;
			knownRegions = (
				en,
			);
			mainGroup = 55D15BDA203150BA00D067A5;
			productRefGroup = 55D15BE4203150BA00D067A5 /* Products */;
			projectDirPath = "";
			projectRoot = "";
			targets = (
				55D15BE2203150BA00D067A5 /* CSE167 Modern OpenGL */,
			);
		};
/* End PBXProject section */

/* Begin PBXSourcesBuildPhase section */
		55D15BDF203150BA00D067A5 /* Sources */ = {
			isa = PBXSourcesBuildPhase;
			buildActionMask = 2147483647;
			files = (
				558719162031529600392514 /* Cube.cpp in Sources */,
				558719172031529600392514 /* Window.cpp in Sources */,
				558719182031529600392514 /* shader.cpp in Sources */,
				558719342032754E00392514 /* OBJObject.cpp in Sources */,
				55D15BE7203150BA00D067A5 /* main.cpp in Sources */,
			);
			runOnlyForDeploymentPostprocessing = 0;
		};
/* End PBXSourcesBuildPhase section */

/* Begin XCBuildConfiguration section */
		55D15BE8203150BA00D067A5 /* Debug */ = {
			isa = XCBuildConfiguration;
			buildSettings = {
				ALWAYS_SEARCH_USER_PATHS = NO;
				CLANG_ANALYZER_NONNULL = YES;
				CLANG_ANALYZER_NUMBER_OBJECT_CONVERSION = YES_AGGRESSIVE;
				CLANG_CXX_LANGUAGE_STANDARD = "gnu++14";
				CLANG_CXX_LIBRARY = "libc++";
				CLANG_ENABLE_MODULES = YES;
				CLANG_ENABLE_OBJC_ARC = YES;
				CLANG_WARN_BLOCK_CAPTURE_AUTORELEASING = YES;
				CLANG_WARN_BOOL_CONVERSION = YES;
				CLANG_WARN_COMMA = YES;
				CLANG_WARN_CONSTANT_CONVERSION = YES;
				CLANG_WARN_DIRECT_OBJC_ISA_USAGE = YES_ERROR;
				CLANG_WARN_DOCUMENTATION_COMMENTS = YES;
				CLANG_WARN_EMPTY_BODY = YES;
				CLANG_WARN_ENUM_CONVERSION = YES;
				CLANG_WARN_INFINITE_RECURSION = YES;
				CLANG_WARN_INT_CONVERSION = YES;
				CLANG_WARN_NON_LITERAL_NULL_CONVERSION = YES;
				CLANG_WARN_OBJC_LITERAL_CONVERSION = YES;
				CLANG_WARN_OBJC_ROOT_CLASS = YES_ERROR;
				CLANG_WARN_RANGE_LOOP_ANALYSIS = YES;
				CLANG_WARN_STRICT_PROTOTYPES = YES;
				CLANG_WARN_SUSPICIOUS_MOVE = YES;
				CLANG_WARN_UNGUARDED_AVAILABILITY = YES_AGGRESSIVE;
				CLANG_WARN_UNREACHABLE_CODE = YES;
				CLANG_WARN__DUPLICATE_METHOD_MATCH = YES;
				CODE_SIGN_IDENTITY = "-";
				COPY_PHASE_STRIP = NO;
				DEBUG_INFORMATION_FORMAT = dwarf;
				ENABLE_STRICT_OBJC_MSGSEND = YES;
				ENABLE_TESTABILITY = YES;
				GCC_C_LANGUAGE_STANDARD = gnu11;
				GCC_DYNAMIC_NO_PIC = NO;
				GCC_NO_COMMON_BLOCKS = YES;
				GCC_OPTIMIZATION_LEVEL = 0;
				GCC_PREPROCESSOR_DEFINITIONS = (
					"DEBUG=1",
					"$(inherited)",
				);
				GCC_WARN_64_TO_32_BIT_CONVERSION = YES;
				GCC_WARN_ABOUT_RETURN_TYPE = YES_ERROR;
				GCC_WARN_UNDECLARED_SELECTOR = YES;
				GCC_WARN_UNINITIALIZED_AUTOS = YES_AGGRESSIVE;
				GCC_WARN_UNUSED_FUNCTION = YES;
				GCC_WARN_UNUSED_VARIABLE = YES;
				MACOSX_DEPLOYMENT_TARGET = 10.13;
				MTL_ENABLE_DEBUG_INFO = YES;
				ONLY_ACTIVE_ARCH = YES;
				SDKROOT = macosx;
			};
			name = Debug;
		};
		55D15BE9203150BA00D067A5 /* Release */ = {
			isa = XCBuildConfiguration;
			buildSettings = {
				ALWAYS_SEARCH_USER_PATHS = NO;
				CLANG_ANALYZER_NONNULL = YES;
				CLANG_ANALYZER_NUMBER_OBJECT_CONVERSION = YES_AGGRESSIVE;
				CLANG_CXX_LANGUAGE_STANDARD = "gnu++14";
				CLANG_CXX_LIBRARY = "libc++";
				CLANG_ENABLE_MODULES = YES;
				CLANG_ENABLE_OBJC_ARC = YES;
				CLANG_WARN_BLOCK_CAPTURE_AUTORELEASING = YES;
				CLANG_WARN_BOOL_CONVERSION = YES;
				CLANG_WARN_COMMA = YES;
				CLANG_WARN_CONSTANT_CONVERSION = YES;
				CLANG_WARN_DIRECT_OBJC_ISA_USAGE = YES_ERROR;
				CLANG_WARN_DOCUMENTATION_COMMENTS = YES;
				CLANG_WARN_EMPTY_BODY = YES;
				CLANG_WARN_ENUM_CONVERSION = YES;
				CLANG_WARN_INFINITE_RECURSION = YES;
				CLANG_WARN_INT_CONVERSION = YES;
				CLANG_WARN_NON_LITERAL_NULL_CONVERSION = YES;
				CLANG_WARN_OBJC_LITERAL_CONVERSION = YES;
				CLANG_WARN_OBJC_ROOT_CLASS = YES_ERROR;
				CLANG_WARN_RANGE_LOOP_ANALYSIS = YES;
				CLANG_WARN_STRICT_PROTOTYPES = YES;
				CLANG_WARN_SUSPICIOUS_MOVE = YES;
				CLANG_WARN_UNGUARDED_AVAILABILITY = YES_AGGRESSIVE;
				CLANG_WARN_UNREACHABLE_CODE = YES;
				CLANG_WARN__DUPLICATE_METHOD_MATCH = YES;
				CODE_SIGN_IDENTITY = "-";
				COPY_PHASE_STRIP = NO;
				DEBUG_INFORMATION_FORMAT = "dwarf-with-dsym";
				ENABLE_NS_ASSERTIONS = NO;
				ENABLE_STRICT_OBJC_MSGSEND = YES;
				GCC_C_LANGUAGE_STANDARD = gnu11;
				GCC_NO_COMMON_BLOCKS = YES;
				GCC_WARN_64_TO_32_BIT_CONVERSION = YES;
				GCC_WARN_ABOUT_RETURN_TYPE = YES_ERROR;
				GCC_WARN_UNDECLARED_SELECTOR = YES;
				GCC_WARN_UNINITIALIZED_AUTOS = YES_AGGRESSIVE;
				GCC_WARN_UNUSED_FUNCTION = YES;
				GCC_WARN_UNUSED_VARIABLE = YES;
				MACOSX_DEPLOYMENT_TARGET = 10.13;
				MTL_ENABLE_DEBUG_INFO = NO;
				SDKROOT = macosx;
			};
			name = Release;
		};
		55D15BEB203150BA00D067A5 /* Debug */ = {
			isa = XCBuildConfiguration;
			buildSettings = {
				CODE_SIGN_STYLE = Automatic;
				HEADER_SEARCH_PATHS = (
					"${inherited}",
					"/Developer/glfw-3.2.1/include",
					/Developer/glm,
				);
				LIBRARY_SEARCH_PATHS = (
					"${inherited}",
					"/Developer/glfw-3.2.1/src",
				);
				PRODUCT_NAME = "$(TARGET_NAME)";
			};
			name = Debug;
		};
		55D15BEC203150BA00D067A5 /* Release */ = {
			isa = XCBuildConfiguration;
			buildSettings = {
				CODE_SIGN_STYLE = Automatic;
				HEADER_SEARCH_PATHS = (
					"${inherited}",
					"/Developer/glfw-3.2.1/include",
					/Developer/glm,
				);
				LIBRARY_SEARCH_PATHS = (
					"${inherited}",
					"/Developer/glfw-3.2.1/src",
				);
				PRODUCT_NAME = "$(TARGET_NAME)";
			};
			name = Release;
		};
/* End XCBuildConfiguration section */

/* Begin XCConfigurationList section */
		55D15BDE203150BA00D067A5 /* Build configuration list for PBXProject "CSE167 Modern OpenGL" */ = {
			isa = XCConfigurationList;
			buildConfigurations = (
				55D15BE8203150BA00D067A5 /* Debug */,
				55D15BE9203150BA00D067A5 /* Release */,
			);
			defaultConfigurationIsVisible = 0;
			defaultConfigurationName = Release;
		};
		55D15BEA203150BA00D067A5 /* Build configuration list for PBXNativeTarget "CSE167 Modern OpenGL" */ = {
			isa = XCConfigurationList;
			buildConfigurations = (
				55D15BEB203150BA00D067A5 /* Debug */,
				55D15BEC203150BA00D067A5 /* Release */,
			);
			defaultConfigurationIsVisible = 0;
			defaultConfigurationName = Release;
		};
/* End XCConfigurationList section */
	};
	rootObject = 55D15BDB203150BA00D067A5 /* Project object */;
}
